// !$*UTF8*$!
{
	archiveVersion = 1;
	classes = {
	};
	objectVersion = 50;
	objects = {

/* Begin PBXBuildFile section */
		4741844823AD21AF005F76E4 /* AppDelegate.swift in Sources */ = {isa = PBXBuildFile; fileRef = 4741844723AD21AF005F76E4 /* AppDelegate.swift */; };
		4741844C23AD21AF005F76E4 /* ViewController.swift in Sources */ = {isa = PBXBuildFile; fileRef = 4741844B23AD21AF005F76E4 /* ViewController.swift */; };
		4741844F23AD21AF005F76E4 /* Main.storyboard in Resources */ = {isa = PBXBuildFile; fileRef = 4741844D23AD21AF005F76E4 /* Main.storyboard */; };
		4741845123AD21B1005F76E4 /* Assets.xcassets in Resources */ = {isa = PBXBuildFile; fileRef = 4741845023AD21B1005F76E4 /* Assets.xcassets */; };
		4741845423AD21B1005F76E4 /* LaunchScreen.storyboard in Resources */ = {isa = PBXBuildFile; fileRef = 4741845223AD21B1005F76E4 /* LaunchScreen.storyboard */; };
		4741845C23AD21F5005F76E4 /* Reachability.swift in Sources */ = {isa = PBXBuildFile; fileRef = 4741845B23AD21F5005F76E4 /* Reachability.swift */; };
		4741847E23AD2625005F76E4 /* SceneDelegate.swift in Sources */ = {isa = PBXBuildFile; fileRef = 4741847D23AD2625005F76E4 /* SceneDelegate.swift */; };
/* End PBXBuildFile section */

/* Begin PBXFileReference section */
		4741844423AD21AF005F76E4 /* Connectivity Buddy.app */ = {isa = PBXFileReference; explicitFileType = wrapper.application; includeInIndex = 0; path = "Connectivity Buddy.app"; sourceTree = BUILT_PRODUCTS_DIR; };
		4741844723AD21AF005F76E4 /* AppDelegate.swift */ = {isa = PBXFileReference; lastKnownFileType = sourcecode.swift; path = AppDelegate.swift; sourceTree = "<group>"; };
		4741844B23AD21AF005F76E4 /* ViewController.swift */ = {isa = PBXFileReference; lastKnownFileType = sourcecode.swift; path = ViewController.swift; sourceTree = "<group>"; };
		4741844E23AD21AF005F76E4 /* Base */ = {isa = PBXFileReference; lastKnownFileType = file.storyboard; name = Base; path = Base.lproj/Main.storyboard; sourceTree = "<group>"; };
		4741845023AD21B1005F76E4 /* Assets.xcassets */ = {isa = PBXFileReference; lastKnownFileType = folder.assetcatalog; path = Assets.xcassets; sourceTree = "<group>"; };
		4741845323AD21B1005F76E4 /* Base */ = {isa = PBXFileReference; lastKnownFileType = file.storyboard; name = Base; path = Base.lproj/LaunchScreen.storyboard; sourceTree = "<group>"; };
		4741845523AD21B1005F76E4 /* Info.plist */ = {isa = PBXFileReference; lastKnownFileType = text.plist.xml; path = Info.plist; sourceTree = "<group>"; };
		4741845B23AD21F5005F76E4 /* Reachability.swift */ = {isa = PBXFileReference; fileEncoding = 4; lastKnownFileType = sourcecode.swift; path = Reachability.swift; sourceTree = "<group>"; };
		4741847D23AD2625005F76E4 /* SceneDelegate.swift */ = {isa = PBXFileReference; fileEncoding = 4; lastKnownFileType = sourcecode.swift; path = SceneDelegate.swift; sourceTree = "<group>"; };
/* End PBXFileReference section */

/* Begin PBXFrameworksBuildPhase section */
		4741844123AD21AF005F76E4 /* Frameworks */ = {
			isa = PBXFrameworksBuildPhase;
			buildActionMask = 2147483647;
			files = (
			);
			runOnlyForDeploymentPostprocessing = 0;
		};
/* End PBXFrameworksBuildPhase section */

/* Begin PBXGroup section */
		4741843B23AD21AF005F76E4 = {
			isa = PBXGroup;
			children = (
				4741844623AD21AF005F76E4 /* Connectivity Buddy */,
				4741844523AD21AF005F76E4 /* Products */,
			);
			sourceTree = "<group>";
		};
		4741844523AD21AF005F76E4 /* Products */ = {
			isa = PBXGroup;
			children = (
				4741844423AD21AF005F76E4 /* Connectivity Buddy.app */,
			);
			name = Products;
			sourceTree = "<group>";
		};
		4741844623AD21AF005F76E4 /* Connectivity Buddy */ = {
			isa = PBXGroup;
			children = (
				4741844723AD21AF005F76E4 /* AppDelegate.swift */,
				4741845B23AD21F5005F76E4 /* Reachability.swift */,
				4741847D23AD2625005F76E4 /* SceneDelegate.swift */,
				4741844B23AD21AF005F76E4 /* ViewController.swift */,
				4741844D23AD21AF005F76E4 /* Main.storyboard */,
				4741845023AD21B1005F76E4 /* Assets.xcassets */,
				4741845223AD21B1005F76E4 /* LaunchScreen.storyboard */,
				4741845523AD21B1005F76E4 /* Info.plist */,
			);
			path = "Connectivity Buddy";
			sourceTree = "<group>";
		};
/* End PBXGroup section */

/* Begin PBXNativeTarget section */
		4741844323AD21AF005F76E4 /* Connectivity Buddy */ = {
			isa = PBXNativeTarget;
			buildConfigurationList = 4741845823AD21B1005F76E4 /* Build configuration list for PBXNativeTarget "Connectivity Buddy" */;
			buildPhases = (
				4741844023AD21AF005F76E4 /* Sources */,
				4741844123AD21AF005F76E4 /* Frameworks */,
				4741844223AD21AF005F76E4 /* Resources */,
			);
			buildRules = (
			);
			dependencies = (
			);
			name = "Connectivity Buddy";
			productName = "Connectivity Buddy";
			productReference = 4741844423AD21AF005F76E4 /* Connectivity Buddy.app */;
			productType = "com.apple.product-type.application";
		};
/* End PBXNativeTarget section */

/* Begin PBXProject section */
		4741843C23AD21AF005F76E4 /* Project object */ = {
			isa = PBXProject;
			attributes = {
				LastSwiftUpdateCheck = 1120;
				LastUpgradeCheck = 1120;
				ORGANIZATIONNAME = "Frontline Technologies";
				TargetAttributes = {
					4741844323AD21AF005F76E4 = {
						CreatedOnToolsVersion = 11.2;
					};
				};
			};
			buildConfigurationList = 4741843F23AD21AF005F76E4 /* Build configuration list for PBXProject "Connectivity Buddy" */;
			compatibilityVersion = "Xcode 9.3";
			developmentRegion = en;
			hasScannedForEncodings = 0;
			knownRegions = (
				en,
				Base,
			);
			mainGroup = 4741843B23AD21AF005F76E4;
			productRefGroup = 4741844523AD21AF005F76E4 /* Products */;
			projectDirPath = "";
			projectRoot = "";
			targets = (
				4741844323AD21AF005F76E4 /* Connectivity Buddy */,
			);
		};
/* End PBXProject section */

/* Begin PBXResourcesBuildPhase section */
		4741844223AD21AF005F76E4 /* Resources */ = {
			isa = PBXResourcesBuildPhase;
			buildActionMask = 2147483647;
			files = (
				4741845423AD21B1005F76E4 /* LaunchScreen.storyboard in Resources */,
				4741845123AD21B1005F76E4 /* Assets.xcassets in Resources */,
				4741844F23AD21AF005F76E4 /* Main.storyboard in Resources */,
			);
			runOnlyForDeploymentPostprocessing = 0;
		};
/* End PBXResourcesBuildPhase section */

/* Begin PBXSourcesBuildPhase section */
		4741844023AD21AF005F76E4 /* Sources */ = {
			isa = PBXSourcesBuildPhase;
			buildActionMask = 2147483647;
			files = (
				4741844C23AD21AF005F76E4 /* ViewController.swift in Sources */,
				4741844823AD21AF005F76E4 /* AppDelegate.swift in Sources */,
				4741845C23AD21F5005F76E4 /* Reachability.swift in Sources */,
				4741847E23AD2625005F76E4 /* SceneDelegate.swift in Sources */,
			);
			runOnlyForDeploymentPostprocessing = 0;
		};
/* End PBXSourcesBuildPhase section */

/* Begin PBXVariantGroup section */
		4741844D23AD21AF005F76E4 /* Main.storyboard */ = {
			isa = PBXVariantGroup;
			children = (
				4741844E23AD21AF005F76E4 /* Base */,
			);
			name = Main.storyboard;
			sourceTree = "<group>";
		};
		4741845223AD21B1005F76E4 /* LaunchScreen.storyboard */ = {
			isa = PBXVariantGroup;
			children = (
				4741845323AD21B1005F76E4 /* Base */,
			);
			name = LaunchScreen.storyboard;
			sourceTree = "<group>";
		};
/* End PBXVariantGroup section */

/* Begin XCBuildConfiguration section */
		4741845623AD21B1005F76E4 /* Debug */ = {
			isa = XCBuildConfiguration;
			buildSettings = {
				ALWAYS_SEARCH_USER_PATHS = NO;
				CLANG_ANALYZER_NONNULL = YES;
				CLANG_ANALYZER_NUMBER_OBJECT_CONVERSION = YES_AGGRESSIVE;
				CLANG_CXX_LANGUAGE_STANDARD = "gnu++14";
				CLANG_CXX_LIBRARY = "libc++";
				CLANG_ENABLE_MODULES = YES;
				CLANG_ENABLE_OBJC_ARC = YES;
				CLANG_ENABLE_OBJC_WEAK = YES;
				CLANG_WARN_BLOCK_CAPTURE_AUTORELEASING = YES;
				CLANG_WARN_BOOL_CONVERSION = YES;
				CLANG_WARN_COMMA = YES;
				CLANG_WARN_CONSTANT_CONVERSION = YES;
				CLANG_WARN_DEPRECATED_OBJC_IMPLEMENTATIONS = YES;
				CLANG_WARN_DIRECT_OBJC_ISA_USAGE = YES_ERROR;
				CLANG_WARN_DOCUMENTATION_COMMENTS = YES;
				CLANG_WARN_EMPTY_BODY = YES;
				CLANG_WARN_ENUM_CONVERSION = YES;
				CLANG_WARN_INFINITE_RECURSION = YES;
				CLANG_WARN_INT_CONVERSION = YES;
				CLANG_WARN_NON_LITERAL_NULL_CONVERSION = YES;
				CLANG_WARN_OBJC_IMPLICIT_RETAIN_SELF = YES;
				CLANG_WARN_OBJC_LITERAL_CONVERSION = YES;
				CLANG_WARN_OBJC_ROOT_CLASS = YES_ERROR;
				CLANG_WARN_RANGE_LOOP_ANALYSIS = YES;
				CLANG_WARN_STRICT_PROTOTYPES = YES;
				CLANG_WARN_SUSPICIOUS_MOVE = YES;
				CLANG_WARN_UNGUARDED_AVAILABILITY = YES_AGGRESSIVE;
				CLANG_WARN_UNREACHABLE_CODE = YES;
				CLANG_WARN__DUPLICATE_METHOD_MATCH = YES;
				COPY_PHASE_STRIP = NO;
				DEBUG_INFORMATION_FORMAT = dwarf;
				ENABLE_STRICT_OBJC_MSGSEND = YES;
				ENABLE_TESTABILITY = YES;
				GCC_C_LANGUAGE_STANDARD = gnu11;
				GCC_DYNAMIC_NO_PIC = NO;
				GCC_NO_COMMON_BLOCKS = YES;
				GCC_OPTIMIZATION_LEVEL = 0;
				GCC_PREPROCESSOR_DEFINITIONS = (
					"DEBUG=1",
					"$(inherited)",
				);
				GCC_WARN_64_TO_32_BIT_CONVERSION = YES;
				GCC_WARN_ABOUT_RETURN_TYPE = YES_ERROR;
				GCC_WARN_UNDECLARED_SELECTOR = YES;
				GCC_WARN_UNINITIALIZED_AUTOS = YES_AGGRESSIVE;
				GCC_WARN_UNUSED_FUNCTION = YES;
				GCC_WARN_UNUSED_VARIABLE = YES;
				IPHONEOS_DEPLOYMENT_TARGET = 13.2;
				MTL_ENABLE_DEBUG_INFO = INCLUDE_SOURCE;
				MTL_FAST_MATH = YES;
				ONLY_ACTIVE_ARCH = YES;
				SDKROOT = iphoneos;
				SWIFT_ACTIVE_COMPILATION_CONDITIONS = DEBUG;
				SWIFT_OPTIMIZATION_LEVEL = "-Onone";
			};
			name = Debug;
		};
		4741845723AD21B1005F76E4 /* Release */ = {
			isa = XCBuildConfiguration;
			buildSettings = {
				ALWAYS_SEARCH_USER_PATHS = NO;
				CLANG_ANALYZER_NONNULL = YES;
				CLANG_ANALYZER_NUMBER_OBJECT_CONVERSION = YES_AGGRESSIVE;
				CLANG_CXX_LANGUAGE_STANDARD = "gnu++14";
				CLANG_CXX_LIBRARY = "libc++";
				CLANG_ENABLE_MODULES = YES;
				CLANG_ENABLE_OBJC_ARC = YES;
				CLANG_ENABLE_OBJC_WEAK = YES;
				CLANG_WARN_BLOCK_CAPTURE_AUTORELEASING = YES;
				CLANG_WARN_BOOL_CONVERSION = YES;
				CLANG_WARN_COMMA = YES;
				CLANG_WARN_CONSTANT_CONVERSION = YES;
				CLANG_WARN_DEPRECATED_OBJC_IMPLEMENTATIONS = YES;
				CLANG_WARN_DIRECT_OBJC_ISA_USAGE = YES_ERROR;
				CLANG_WARN_DOCUMENTATION_COMMENTS = YES;
				CLANG_WARN_EMPTY_BODY = YES;
				CLANG_WARN_ENUM_CONVERSION = YES;
				CLANG_WARN_INFINITE_RECURSION = YES;
				CLANG_WARN_INT_CONVERSION = YES;
				CLANG_WARN_NON_LITERAL_NULL_CONVERSION = YES;
				CLANG_WARN_OBJC_IMPLICIT_RETAIN_SELF = YES;
				CLANG_WARN_OBJC_LITERAL_CONVERSION = YES;
				CLANG_WARN_OBJC_ROOT_CLASS = YES_ERROR;
				CLANG_WARN_RANGE_LOOP_ANALYSIS = YES;
				CLANG_WARN_STRICT_PROTOTYPES = YES;
				CLANG_WARN_SUSPICIOUS_MOVE = YES;
				CLANG_WARN_UNGUARDED_AVAILABILITY = YES_AGGRESSIVE;
				CLANG_WARN_UNREACHABLE_CODE = YES;
				CLANG_WARN__DUPLICATE_METHOD_MATCH = YES;
				COPY_PHASE_STRIP = NO;
				DEBUG_INFORMATION_FORMAT = "dwarf-with-dsym";
				ENABLE_NS_ASSERTIONS = NO;
				ENABLE_STRICT_OBJC_MSGSEND = YES;
				GCC_C_LANGUAGE_STANDARD = gnu11;
				GCC_NO_COMMON_BLOCKS = YES;
				GCC_WARN_64_TO_32_BIT_CONVERSION = YES;
				GCC_WARN_ABOUT_RETURN_TYPE = YES_ERROR;
				GCC_WARN_UNDECLARED_SELECTOR = YES;
				GCC_WARN_UNINITIALIZED_AUTOS = YES_AGGRESSIVE;
				GCC_WARN_UNUSED_FUNCTION = YES;
				GCC_WARN_UNUSED_VARIABLE = YES;
				IPHONEOS_DEPLOYMENT_TARGET = 13.2;
				MTL_ENABLE_DEBUG_INFO = NO;
				MTL_FAST_MATH = YES;
				SDKROOT = iphoneos;
				SWIFT_COMPILATION_MODE = wholemodule;
				SWIFT_OPTIMIZATION_LEVEL = "-O";
				VALIDATE_PRODUCT = YES;
			};
			name = Release;
		};
		4741845923AD21B1005F76E4 /* Debug */ = {
			isa = XCBuildConfiguration;
			buildSettings = {
				ASSETCATALOG_COMPILER_APPICON_NAME = AppIcon;
				CODE_SIGN_STYLE = Automatic;
				DEVELOPMENT_TEAM = T49S3MZPMB;
				INFOPLIST_FILE = "Connectivity Buddy/Info.plist";
				IPHONEOS_DEPLOYMENT_TARGET = 11.0;
				LD_RUNPATH_SEARCH_PATHS = (
					"$(inherited)",
					"@executable_path/Frameworks",
				);
				PRODUCT_BUNDLE_IDENTIFIER = "frontline.Connectivity-Buddy";
				PRODUCT_NAME = "$(TARGET_NAME)";
				SWIFT_VERSION = 5.0;
				TARGETED_DEVICE_FAMILY = "1,2";
			};
			name = Debug;
		};
		4741845A23AD21B1005F76E4 /* Release */ = {
			isa = XCBuildConfiguration;
			buildSettings = {
				ASSETCATALOG_COMPILER_APPICON_NAME = AppIcon;
				CODE_SIGN_STYLE = Automatic;
				DEVELOPMENT_TEAM = T49S3MZPMB;
				INFOPLIST_FILE = "Connectivity Buddy/Info.plist";
				IPHONEOS_DEPLOYMENT_TARGET = 11.0;
				LD_RUNPATH_SEARCH_PATHS = (
					"$(inherited)",
					"@executable_path/Frameworks",
				);
				PRODUCT_BUNDLE_IDENTIFIER = "frontline.Connectivity-Buddy";
				PRODUCT_NAME = "$(TARGET_NAME)";
				SWIFT_VERSION = 5.0;
				TARGETED_DEVICE_FAMILY = "1,2";
			};
			name = Release;
		};
/* End XCBuildConfiguration section */

/* Begin XCConfigurationList section */
		4741843F23AD21AF005F76E4 /* Build configuration list for PBXProject "Connectivity Buddy" */ = {
			isa = XCConfigurationList;
			buildConfigurations = (
				4741845623AD21B1005F76E4 /* Debug */,
				4741845723AD21B1005F76E4 /* Release */,
			);
			defaultConfigurationIsVisible = 0;
			defaultConfigurationName = Release;
		};
		4741845823AD21B1005F76E4 /* Build configuration list for PBXNativeTarget "Connectivity Buddy" */ = {
			isa = XCConfigurationList;
			buildConfigurations = (
				4741845923AD21B1005F76E4 /* Debug */,
				4741845A23AD21B1005F76E4 /* Release */,
			);
			defaultConfigurationIsVisible = 0;
			defaultConfigurationName = Release;
		};
/* End XCConfigurationList section */
	};
	rootObject = 4741843C23AD21AF005F76E4 /* Project object */;
}
